
Microsoft Visual Studio Solution File, Format Version 12.00
# Visual Studio Version 16
VisualStudioVersion = 16.0.30114.105
MinimumVisualStudioVersion = 10.0.40219.1
Project("{FAE04EC0-301F-11D3-BF4B-00C04F79EFBC}") = "ResourceFilters", "ResourceFilters\ResourceFilters.csproj", "{12710BCB-113B-4A3B-9E48-CB502B457783}"
EndProject
Project("{FAE04EC0-301F-11D3-BF4B-00C04F79EFBC}") = "AuthorizationFilters", "AuthorizationFilters\AuthorizationFilters.csproj", "{5567041E-A23D-4066-BD8F-17976E7B476E}"
EndProject
Global
	GlobalSection(SolutionConfigurationPlatforms) = preSolution
		Debug|Any CPU = Debug|Any CPU
		Release|Any CPU = Release|Any CPU
	EndGlobalSection
	GlobalSection(SolutionProperties) = preSolution
		HideSolutionNode = FALSE
	EndGlobalSection
	GlobalSection(ProjectConfigurationPlatforms) = postSolution
		{12710BCB-113B-4A3B-9E48-CB502B457783}.Debug|Any CPU.ActiveCfg = Debug|Any CPU
		{12710BCB-113B-4A3B-9E48-CB502B457783}.Debug|Any CPU.Build.0 = Debug|Any CPU
		{12710BCB-113B-4A3B-9E48-CB502B457783}.Release|Any CPU.ActiveCfg = Release|Any CPU
		{12710BCB-113B-4A3B-9E48-CB502B457783}.Release|Any CPU.Build.0 = Release|Any CPU
		{5567041E-A23D-4066-BD8F-17976E7B476E}.Debug|Any CPU.ActiveCfg = Debug|Any CPU
		{5567041E-A23D-4066-BD8F-17976E7B476E}.Debug|Any CPU.Build.0 = Debug|Any CPU
		{5567041E-A23D-4066-BD8F-17976E7B476E}.Release|Any CPU.ActiveCfg = Release|Any CPU
		{5567041E-A23D-4066-BD8F-17976E7B476E}.Release|Any CPU.Build.0 = Release|Any CPU
	EndGlobalSection
EndGlobal
